
Microsoft Visual Studio Solution File, Format Version 12.00
# Visual Studio 15
VisualStudioVersion = 15.0.27703.2042
MinimumVisualStudioVersion = 10.0.40219.1
Project("{FAE04EC0-301F-11D3-BF4B-00C04F79EFBC}") = "ATeam.ScoreRankPlugin", "ATeam.ScoreRankPlugin\ATeam.ScoreRankPlugin.csproj", "{1434B497-EBA0-458B-9DCF-436F5E73CD97}"
EndProject
Global
	GlobalSection(SolutionConfigurationPlatforms) = preSolution
		Debug|Any CPU = Debug|Any CPU
		Release|Any CPU = Release|Any CPU
	EndGlobalSection
	GlobalSection(ProjectConfigurationPlatforms) = postSolution
		{1434B497-EBA0-458B-9DCF-436F5E73CD97}.Debug|Any CPU.ActiveCfg = Debug|Any CPU
		{1434B497-EBA0-458B-9DCF-436F5E73CD97}.Debug|Any CPU.Build.0 = Debug|Any CPU
		{1434B497-EBA0-458B-9DCF-436F5E73CD97}.Release|Any CPU.ActiveCfg = Release|Any CPU
		{1434B497-EBA0-458B-9DCF-436F5E73CD97}.Release|Any CPU.Build.0 = Release|Any CPU
	EndGlobalSection
	GlobalSection(SolutionProperties) = preSolution
		HideSolutionNode = FALSE
	EndGlobalSection
	GlobalSection(ExtensibilityGlobals) = postSolution
		SolutionGuid = {BA504F35-91C5-4814-91CC-2794FE731D31}
	EndGlobalSection
EndGlobal
